
Microsoft Visual Studio Solution File, Format Version 11.00
# Visual Studio 2010
Project("{FAE04EC0-301F-11D3-BF4B-00C04F79EFBC}") = "LearningMVC", "LearningMVC\LearningMVC.csproj", "{6EFFC9E2-4DD7-46A2-9B3C-BBB364B9561B}"
EndProject
Global
	GlobalSection(SolutionConfigurationPlatforms) = preSolution
		Debug|Any CPU = Debug|Any CPU
		Release|Any CPU = Release|Any CPU
	EndGlobalSection
	GlobalSection(ProjectConfigurationPlatforms) = postSolution
		{6EFFC9E2-4DD7-46A2-9B3C-BBB364B9561B}.Debug|Any CPU.ActiveCfg = Debug|Any CPU
		{6EFFC9E2-4DD7-46A2-9B3C-BBB364B9561B}.Debug|Any CPU.Build.0 = Debug|Any CPU
		{6EFFC9E2-4DD7-46A2-9B3C-BBB364B9561B}.Release|Any CPU.ActiveCfg = Release|Any CPU
		{6EFFC9E2-4DD7-46A2-9B3C-BBB364B9561B}.Release|Any CPU.Build.0 = Release|Any CPU
	EndGlobalSection
	GlobalSection(SolutionProperties) = preSolution
		HideSolutionNode = FALSE
	EndGlobalSection
EndGlobal
